// !$*UTF8*$!
{
	archiveVersion = 1;
	classes = {
	};
	objectVersion = 46;
	objects = {

/* Begin PBXBuildFile section */
		4B0DAD2DF4AD349BDDF93048 /* Pods_Browse.framework in Frameworks */ = {isa = PBXBuildFile; fileRef = 31524A62167C6642166754B8 /* Pods_Browse.framework */; };
		D523C2E91DA5759000490E71 /* AppDelegate.swift in Sources */ = {isa = PBXBuildFile; fileRef = D523C2E81DA5759000490E71 /* AppDelegate.swift */; };
		D523C2F01DA5759000490E71 /* Assets.xcassets in Resources */ = {isa = PBXBuildFile; fileRef = D523C2EF1DA5759000490E71 /* Assets.xcassets */; };
		D523C2F31DA5759000490E71 /* LaunchScreen.storyboard in Resources */ = {isa = PBXBuildFile; fileRef = D523C2F11DA5759000490E71 /* LaunchScreen.storyboard */; };
		D523C2FB1DA575CB00490E71 /* Fire.swift in Sources */ = {isa = PBXBuildFile; fileRef = D523C2FA1DA575CB00490E71 /* Fire.swift */; };
		D523C2FD1DA575D400490E71 /* TableViewController.swift in Sources */ = {isa = PBXBuildFile; fileRef = D523C2FC1DA575D400490E71 /* TableViewController.swift */; };
		D523C2FF1DA575DD00490E71 /* ObjectViewController.swift in Sources */ = {isa = PBXBuildFile; fileRef = D523C2FE1DA575DD00490E71 /* ObjectViewController.swift */; };
		D523C3011DA5763300490E71 /* GoogleService-Info.plist in Resources */ = {isa = PBXBuildFile; fileRef = D523C3001DA5763300490E71 /* GoogleService-Info.plist */; };
/* End PBXBuildFile section */

/* Begin PBXFileReference section */
		0EABB5F6B30CC8FBD3641FD1 /* Pods-Browse.release.xcconfig */ = {isa = PBXFileReference; includeInIndex = 1; lastKnownFileType = text.xcconfig; name = "Pods-Browse.release.xcconfig"; path = "Pods/Target Support Files/Pods-Browse/Pods-Browse.release.xcconfig"; sourceTree = "<group>"; };
		31524A62167C6642166754B8 /* Pods_Browse.framework */ = {isa = PBXFileReference; explicitFileType = wrapper.framework; includeInIndex = 0; path = Pods_Browse.framework; sourceTree = BUILT_PRODUCTS_DIR; };
		D523C2E51DA5759000490E71 /* Browse.app */ = {isa = PBXFileReference; explicitFileType = wrapper.application; includeInIndex = 0; path = Browse.app; sourceTree = BUILT_PRODUCTS_DIR; };
		D523C2E81DA5759000490E71 /* AppDelegate.swift */ = {isa = PBXFileReference; lastKnownFileType = sourcecode.swift; path = AppDelegate.swift; sourceTree = "<group>"; };
		D523C2EF1DA5759000490E71 /* Assets.xcassets */ = {isa = PBXFileReference; lastKnownFileType = folder.assetcatalog; path = Assets.xcassets; sourceTree = "<group>"; };
		D523C2F21DA5759000490E71 /* Base */ = {isa = PBXFileReference; lastKnownFileType = file.storyboard; name = Base; path = Base.lproj/LaunchScreen.storyboard; sourceTree = "<group>"; };
		D523C2F41DA5759000490E71 /* Info.plist */ = {isa = PBXFileReference; lastKnownFileType = text.plist.xml; path = Info.plist; sourceTree = "<group>"; };
		D523C2FA1DA575CB00490E71 /* Fire.swift */ = {isa = PBXFileReference; fileEncoding = 4; lastKnownFileType = sourcecode.swift; path = Fire.swift; sourceTree = "<group>"; };
		D523C2FC1DA575D400490E71 /* TableViewController.swift */ = {isa = PBXFileReference; fileEncoding = 4; lastKnownFileType = sourcecode.swift; path = TableViewController.swift; sourceTree = "<group>"; };
		D523C2FE1DA575DD00490E71 /* ObjectViewController.swift */ = {isa = PBXFileReference; fileEncoding = 4; lastKnownFileType = sourcecode.swift; path = ObjectViewController.swift; sourceTree = "<group>"; };
		D523C3001DA5763300490E71 /* GoogleService-Info.plist */ = {isa = PBXFileReference; fileEncoding = 4; lastKnownFileType = text.plist.xml; path = "GoogleService-Info.plist"; sourceTree = "<group>"; };
		F77D4790D0BCED6E2EABE744 /* Pods-Browse.debug.xcconfig */ = {isa = PBXFileReference; includeInIndex = 1; lastKnownFileType = text.xcconfig; name = "Pods-Browse.debug.xcconfig"; path = "Pods/Target Support Files/Pods-Browse/Pods-Browse.debug.xcconfig"; sourceTree = "<group>"; };
/* End PBXFileReference section */

/* Begin PBXFrameworksBuildPhase section */
		D523C2E21DA5759000490E71 /* Frameworks */ = {
			isa = PBXFrameworksBuildPhase;
			buildActionMask = 2147483647;
			files = (
				4B0DAD2DF4AD349BDDF93048 /* Pods_Browse.framework in Frameworks */,
			);
			runOnlyForDeploymentPostprocessing = 0;
		};
/* End PBXFrameworksBuildPhase section */

/* Begin PBXGroup section */
		02B589BC5E251C928E130765 /* Frameworks */ = {
			isa = PBXGroup;
			children = (
				31524A62167C6642166754B8 /* Pods_Browse.framework */,
			);
			name = Frameworks;
			sourceTree = "<group>";
		};
		1711026CD6942D24FD3B46A4 /* Pods */ = {
			isa = PBXGroup;
			children = (
				F77D4790D0BCED6E2EABE744 /* Pods-Browse.debug.xcconfig */,
				0EABB5F6B30CC8FBD3641FD1 /* Pods-Browse.release.xcconfig */,
			);
			name = Pods;
			sourceTree = "<group>";
		};
		D523C2DC1DA5759000490E71 = {
			isa = PBXGroup;
			children = (
				D523C2E71DA5759000490E71 /* Browse */,
				D523C2E61DA5759000490E71 /* Products */,
				1711026CD6942D24FD3B46A4 /* Pods */,
				02B589BC5E251C928E130765 /* Frameworks */,
			);
			sourceTree = "<group>";
		};
		D523C2E61DA5759000490E71 /* Products */ = {
			isa = PBXGroup;
			children = (
				D523C2E51DA5759000490E71 /* Browse.app */,
			);
			name = Products;
			sourceTree = "<group>";
		};
		D523C2E71DA5759000490E71 /* Browse */ = {
			isa = PBXGroup;
			children = (
				D523C2FA1DA575CB00490E71 /* Fire.swift */,
				D523C2E81DA5759000490E71 /* AppDelegate.swift */,
				D523C2FE1DA575DD00490E71 /* ObjectViewController.swift */,
				D523C2FC1DA575D400490E71 /* TableViewController.swift */,
				D523C2EF1DA5759000490E71 /* Assets.xcassets */,
				D523C2F11DA5759000490E71 /* LaunchScreen.storyboard */,
				D523C3001DA5763300490E71 /* GoogleService-Info.plist */,
				D523C2F41DA5759000490E71 /* Info.plist */,
			);
			path = Browse;
			sourceTree = "<group>";
		};
/* End PBXGroup section */

/* Begin PBXNativeTarget section */
		D523C2E41DA5759000490E71 /* Browse */ = {
			isa = PBXNativeTarget;
			buildConfigurationList = D523C2F71DA5759000490E71 /* Build configuration list for PBXNativeTarget "Browse" */;
			buildPhases = (
				21D51B27FEEE05BA276CB926 /* [CP] Check Pods Manifest.lock */,
				D523C2E11DA5759000490E71 /* Sources */,
				D523C2E21DA5759000490E71 /* Frameworks */,
				D523C2E31DA5759000490E71 /* Resources */,
				9CC8EF1A4230E8483A5474AC /* [CP] Embed Pods Frameworks */,
				317D795BE949EF960AFCCCED /* [CP] Copy Pods Resources */,
			);
			buildRules = (
			);
			dependencies = (
			);
			name = Browse;
			productName = Browse;
			productReference = D523C2E51DA5759000490E71 /* Browse.app */;
			productType = "com.apple.product-type.application";
		};
/* End PBXNativeTarget section */

/* Begin PBXProject section */
		D523C2DD1DA5759000490E71 /* Project object */ = {
			isa = PBXProject;
			attributes = {
				LastSwiftUpdateCheck = 0800;
				LastUpgradeCheck = 0800;
				ORGANIZATIONNAME = "Robby Kraft";
				TargetAttributes = {
					D523C2E41DA5759000490E71 = {
						CreatedOnToolsVersion = 8.0;
						ProvisioningStyle = Automatic;
					};
				};
			};
			buildConfigurationList = D523C2E01DA5759000490E71 /* Build configuration list for PBXProject "Browse" */;
			compatibilityVersion = "Xcode 3.2";
			developmentRegion = English;
			hasScannedForEncodings = 0;
			knownRegions = (
				en,
				Base,
			);
			mainGroup = D523C2DC1DA5759000490E71;
			productRefGroup = D523C2E61DA5759000490E71 /* Products */;
			projectDirPath = "";
			projectRoot = "";
			targets = (
				D523C2E41DA5759000490E71 /* Browse */,
			);
		};
/* End PBXProject section */

/* Begin PBXResourcesBuildPhase section */
		D523C2E31DA5759000490E71 /* Resources */ = {
			isa = PBXResourcesBuildPhase;
			buildActionMask = 2147483647;
			files = (
				D523C2F31DA5759000490E71 /* LaunchScreen.storyboard in Resources */,
				D523C3011DA5763300490E71 /* GoogleService-Info.plist in Resources */,
				D523C2F01DA5759000490E71 /* Assets.xcassets in Resources */,
			);
			runOnlyForDeploymentPostprocessing = 0;
		};
/* End PBXResourcesBuildPhase section */

/* Begin PBXShellScriptBuildPhase section */
		21D51B27FEEE05BA276CB926 /* [CP] Check Pods Manifest.lock */ = {
			isa = PBXShellScriptBuildPhase;
			buildActionMask = 2147483647;
			files = (
			);
			inputPaths = (
			);
			name = "[CP] Check Pods Manifest.lock";
			outputPaths = (
			);
			runOnlyForDeploymentPostprocessing = 0;
			shellPath = /bin/sh;
			shellScript = "diff \"${PODS_ROOT}/../Podfile.lock\" \"${PODS_ROOT}/Manifest.lock\" > /dev/null\nif [[ $? != 0 ]] ; then\n    cat << EOM\nerror: The sandbox is not in sync with the Podfile.lock. Run 'pod install' or update your CocoaPods installation.\nEOM\n    exit 1\nfi\n";
			showEnvVarsInLog = 0;
		};
		317D795BE949EF960AFCCCED /* [CP] Copy Pods Resources */ = {
			isa = PBXShellScriptBuildPhase;
			buildActionMask = 2147483647;
			files = (
			);
			inputPaths = (
			);
			name = "[CP] Copy Pods Resources";
			outputPaths = (
			);
			runOnlyForDeploymentPostprocessing = 0;
			shellPath = /bin/sh;
			shellScript = "\"${SRCROOT}/Pods/Target Support Files/Pods-Browse/Pods-Browse-resources.sh\"\n";
			showEnvVarsInLog = 0;
		};
		9CC8EF1A4230E8483A5474AC /* [CP] Embed Pods Frameworks */ = {
			isa = PBXShellScriptBuildPhase;
			buildActionMask = 2147483647;
			files = (
			);
			inputPaths = (
			);
			name = "[CP] Embed Pods Frameworks";
			outputPaths = (
			);
			runOnlyForDeploymentPostprocessing = 0;
			shellPath = /bin/sh;
			shellScript = "\"${SRCROOT}/Pods/Target Support Files/Pods-Browse/Pods-Browse-frameworks.sh\"\n";
			showEnvVarsInLog = 0;
		};
/* End PBXShellScriptBuildPhase section */

/* Begin PBXSourcesBuildPhase section */
		D523C2E11DA5759000490E71 /* Sources */ = {
			isa = PBXSourcesBuildPhase;
			buildActionMask = 2147483647;
			files = (
				D523C2FF1DA575DD00490E71 /* ObjectViewController.swift in Sources */,
				D523C2FB1DA575CB00490E71 /* Fire.swift in Sources */,
				D523C2E91DA5759000490E71 /* AppDelegate.swift in Sources */,
				D523C2FD1DA575D400490E71 /* TableViewController.swift in Sources */,
			);
			runOnlyForDeploymentPostprocessing = 0;
		};
/* End PBXSourcesBuildPhase section */

/* Begin PBXVariantGroup section */
		D523C2F11DA5759000490E71 /* LaunchScreen.storyboard */ = {
			isa = PBXVariantGroup;
			children = (
				D523C2F21DA5759000490E71 /* Base */,
			);
			name = LaunchScreen.storyboard;
			sourceTree = "<group>";
		};
/* End PBXVariantGroup section */

/* Begin XCBuildConfiguration section */
		D523C2F51DA5759000490E71 /* Debug */ = {
			isa = XCBuildConfiguration;
			buildSettings = {
				ALWAYS_SEARCH_USER_PATHS = NO;
				CLANG_ANALYZER_NONNULL = YES;
				CLANG_CXX_LANGUAGE_STANDARD = "gnu++0x";
				CLANG_CXX_LIBRARY = "libc++";
				CLANG_ENABLE_MODULES = YES;
				CLANG_ENABLE_OBJC_ARC = YES;
				CLANG_WARN_BOOL_CONVERSION = YES;
				CLANG_WARN_CONSTANT_CONVERSION = YES;
				CLANG_WARN_DIRECT_OBJC_ISA_USAGE = YES_ERROR;
				CLANG_WARN_DOCUMENTATION_COMMENTS = YES;
				CLANG_WARN_EMPTY_BODY = YES;
				CLANG_WARN_ENUM_CONVERSION = YES;
				CLANG_WARN_INFINITE_RECURSION = YES;
				CLANG_WARN_INT_CONVERSION = YES;
				CLANG_WARN_OBJC_ROOT_CLASS = YES_ERROR;
				CLANG_WARN_SUSPICIOUS_MOVES = YES;
				CLANG_WARN_UNREACHABLE_CODE = YES;
				CLANG_WARN__DUPLICATE_METHOD_MATCH = YES;
				"CODE_SIGN_IDENTITY[sdk=iphoneos*]" = "iPhone Developer";
				COPY_PHASE_STRIP = NO;
				DEBUG_INFORMATION_FORMAT = dwarf;
				ENABLE_STRICT_OBJC_MSGSEND = YES;
				ENABLE_TESTABILITY = YES;
				GCC_C_LANGUAGE_STANDARD = gnu99;
				GCC_DYNAMIC_NO_PIC = NO;
				GCC_NO_COMMON_BLOCKS = YES;
				GCC_OPTIMIZATION_LEVEL = 0;
				GCC_PREPROCESSOR_DEFINITIONS = (
					"DEBUG=1",
					"$(inherited)",
				);
				GCC_WARN_64_TO_32_BIT_CONVERSION = YES;
				GCC_WARN_ABOUT_RETURN_TYPE = YES_ERROR;
				GCC_WARN_UNDECLARED_SELECTOR = YES;
				GCC_WARN_UNINITIALIZED_AUTOS = YES_AGGRESSIVE;
				GCC_WARN_UNUSED_FUNCTION = YES;
				GCC_WARN_UNUSED_VARIABLE = YES;
				IPHONEOS_DEPLOYMENT_TARGET = 10.0;
				MTL_ENABLE_DEBUG_INFO = YES;
				ONLY_ACTIVE_ARCH = YES;
				SDKROOT = iphoneos;
				SWIFT_ACTIVE_COMPILATION_CONDITIONS = DEBUG;
				SWIFT_OPTIMIZATION_LEVEL = "-Onone";
				TARGETED_DEVICE_FAMILY = "1,2";
			};
			name = Debug;
		};
		D523C2F61DA5759000490E71 /* Release */ = {
			isa = XCBuildConfiguration;
			buildSettings = {
				ALWAYS_SEARCH_USER_PATHS = NO;
				CLANG_ANALYZER_NONNULL = YES;
				CLANG_CXX_LANGUAGE_STANDARD = "gnu++0x";
				CLANG_CXX_LIBRARY = "libc++";
				CLANG_ENABLE_MODULES = YES;
				CLANG_ENABLE_OBJC_ARC = YES;
				CLANG_WARN_BOOL_CONVERSION = YES;
				CLANG_WARN_CONSTANT_CONVERSION = YES;
				CLANG_WARN_DIRECT_OBJC_ISA_USAGE = YES_ERROR;
				CLANG_WARN_DOCUMENTATION_COMMENTS = YES;
				CLANG_WARN_EMPTY_BODY = YES;
				CLANG_WARN_ENUM_CONVERSION = YES;
				CLANG_WARN_INFINITE_RECURSION = YES;
				CLANG_WARN_INT_CONVERSION = YES;
				CLANG_WARN_OBJC_ROOT_CLASS = YES_ERROR;
				CLANG_WARN_SUSPICIOUS_MOVES = YES;
				CLANG_WARN_UNREACHABLE_CODE = YES;
				CLANG_WARN__DUPLICATE_METHOD_MATCH = YES;
				"CODE_SIGN_IDENTITY[sdk=iphoneos*]" = "iPhone Developer";
				COPY_PHASE_STRIP = NO;
				DEBUG_INFORMATION_FORMAT = "dwarf-with-dsym";
				ENABLE_NS_ASSERTIONS = NO;
				ENABLE_STRICT_OBJC_MSGSEND = YES;
				GCC_C_LANGUAGE_STANDARD = gnu99;
				GCC_NO_COMMON_BLOCKS = YES;
				GCC_WARN_64_TO_32_BIT_CONVERSION = YES;
				GCC_WARN_ABOUT_RETURN_TYPE = YES_ERROR;
				GCC_WARN_UNDECLARED_SELECTOR = YES;
				GCC_WARN_UNINITIALIZED_AUTOS = YES_AGGRESSIVE;
				GCC_WARN_UNUSED_FUNCTION = YES;
				GCC_WARN_UNUSED_VARIABLE = YES;
				IPHONEOS_DEPLOYMENT_TARGET = 10.0;
				MTL_ENABLE_DEBUG_INFO = NO;
				SDKROOT = iphoneos;
				SWIFT_OPTIMIZATION_LEVEL = "-Owholemodule";
				TARGETED_DEVICE_FAMILY = "1,2";
				VALIDATE_PRODUCT = YES;
			};
			name = Release;
		};
		D523C2F81DA5759000490E71 /* Debug */ = {
			isa = XCBuildConfiguration;
			baseConfigurationReference = F77D4790D0BCED6E2EABE744 /* Pods-Browse.debug.xcconfig */;
			buildSettings = {
				ASSETCATALOG_COMPILER_APPICON_NAME = AppIcon;
				INFOPLIST_FILE = Browse/Info.plist;
				LD_RUNPATH_SEARCH_PATHS = "$(inherited) @executable_path/Frameworks";
				PRODUCT_BUNDLE_IDENTIFIER = com.robbykraft.Browse;
				PRODUCT_NAME = "$(TARGET_NAME)";
				SWIFT_VERSION = 3.0;
			};
			name = Debug;
		};
		D523C2F91DA5759000490E71 /* Release */ = {
			isa = XCBuildConfiguration;
			baseConfigurationReference = 0EABB5F6B30CC8FBD3641FD1 /* Pods-Browse.release.xcconfig */;
			buildSettings = {
				ASSETCATALOG_COMPILER_APPICON_NAME = AppIcon;
				INFOPLIST_FILE = Browse/Info.plist;
				LD_RUNPATH_SEARCH_PATHS = "$(inherited) @executable_path/Frameworks";
				PRODUCT_BUNDLE_IDENTIFIER = com.robbykraft.Browse;
				PRODUCT_NAME = "$(TARGET_NAME)";
				SWIFT_VERSION = 3.0;
			};
			name = Release;
		};
/* End XCBuildConfiguration section */

/* Begin XCConfigurationList section */
		D523C2E01DA5759000490E71 /* Build configuration list for PBXProject "Browse" */ = {
			isa = XCConfigurationList;
			buildConfigurations = (
				D523C2F51DA5759000490E71 /* Debug */,
				D523C2F61DA5759000490E71 /* Release */,
			);
			defaultConfigurationIsVisible = 0;
			defaultConfigurationName = Release;
		};
		D523C2F71DA5759000490E71 /* Build configuration list for PBXNativeTarget "Browse" */ = {
			isa = XCConfigurationList;
			buildConfigurations = (
				D523C2F81DA5759000490E71 /* Debug */,
				D523C2F91DA5759000490E71 /* Release */,
			);
			defaultConfigurationIsVisible = 0;
			defaultConfigurationName = Release;
		};
/* End XCConfigurationList section */
	};
	rootObject = D523C2DD1DA5759000490E71 /* Project object */;
}
