// !$*UTF8*$!
{
	archiveVersion = 1;
	classes = {
	};
	objectVersion = 46;
	objects = {

/* Begin PBXBuildFile section */
		6CAB172B2428740D07A3DB7C /* Pods_Login.framework in Frameworks */ = {isa = PBXBuildFile; fileRef = DE3AE4BCC15AA67C8518263F /* Pods_Login.framework */; };
		D523C30F1DA5807300490E71 /* AppDelegate.swift in Sources */ = {isa = PBXBuildFile; fileRef = D523C30E1DA5807300490E71 /* AppDelegate.swift */; };
		D523C3161DA5807300490E71 /* Assets.xcassets in Resources */ = {isa = PBXBuildFile; fileRef = D523C3151DA5807300490E71 /* Assets.xcassets */; };
		D523C3191DA5807300490E71 /* LaunchScreen.storyboard in Resources */ = {isa = PBXBuildFile; fileRef = D523C3171DA5807300490E71 /* LaunchScreen.storyboard */; };
		D523C3211DA580E600490E71 /* GoogleService-Info.plist in Resources */ = {isa = PBXBuildFile; fileRef = D523C3201DA580E600490E71 /* GoogleService-Info.plist */; };
		D523C3281DA5814C00490E71 /* Fire.swift in Sources */ = {isa = PBXBuildFile; fileRef = D523C3231DA5814C00490E71 /* Fire.swift */; };
		D523C3291DA5814C00490E71 /* LoginViewController.swift in Sources */ = {isa = PBXBuildFile; fileRef = D523C3241DA5814C00490E71 /* LoginViewController.swift */; };
		D523C32A1DA5814C00490E71 /* MasterNavigationController.swift in Sources */ = {isa = PBXBuildFile; fileRef = D523C3251DA5814C00490E71 /* MasterNavigationController.swift */; };
		D523C32B1DA5814C00490E71 /* ProfileViewController.swift in Sources */ = {isa = PBXBuildFile; fileRef = D523C3261DA5814C00490E71 /* ProfileViewController.swift */; };
/* End PBXBuildFile section */

/* Begin PBXFileReference section */
		17AA2B5ECF045427A2673B06 /* Pods-Login.release.xcconfig */ = {isa = PBXFileReference; includeInIndex = 1; lastKnownFileType = text.xcconfig; name = "Pods-Login.release.xcconfig"; path = "Pods/Target Support Files/Pods-Login/Pods-Login.release.xcconfig"; sourceTree = "<group>"; };
		D523C30B1DA5807300490E71 /* Login.app */ = {isa = PBXFileReference; explicitFileType = wrapper.application; includeInIndex = 0; path = Login.app; sourceTree = BUILT_PRODUCTS_DIR; };
		D523C30E1DA5807300490E71 /* AppDelegate.swift */ = {isa = PBXFileReference; lastKnownFileType = sourcecode.swift; path = AppDelegate.swift; sourceTree = "<group>"; };
		D523C3151DA5807300490E71 /* Assets.xcassets */ = {isa = PBXFileReference; lastKnownFileType = folder.assetcatalog; path = Assets.xcassets; sourceTree = "<group>"; };
		D523C3181DA5807300490E71 /* Base */ = {isa = PBXFileReference; lastKnownFileType = file.storyboard; name = Base; path = Base.lproj/LaunchScreen.storyboard; sourceTree = "<group>"; };
		D523C31A1DA5807300490E71 /* Info.plist */ = {isa = PBXFileReference; lastKnownFileType = text.plist.xml; path = Info.plist; sourceTree = "<group>"; };
		D523C3201DA580E600490E71 /* GoogleService-Info.plist */ = {isa = PBXFileReference; fileEncoding = 4; lastKnownFileType = text.plist.xml; path = "GoogleService-Info.plist"; sourceTree = "<group>"; };
		D523C3231DA5814C00490E71 /* Fire.swift */ = {isa = PBXFileReference; fileEncoding = 4; lastKnownFileType = sourcecode.swift; path = Fire.swift; sourceTree = "<group>"; };
		D523C3241DA5814C00490E71 /* LoginViewController.swift */ = {isa = PBXFileReference; fileEncoding = 4; lastKnownFileType = sourcecode.swift; path = LoginViewController.swift; sourceTree = "<group>"; };
		D523C3251DA5814C00490E71 /* MasterNavigationController.swift */ = {isa = PBXFileReference; fileEncoding = 4; lastKnownFileType = sourcecode.swift; path = MasterNavigationController.swift; sourceTree = "<group>"; };
		D523C3261DA5814C00490E71 /* ProfileViewController.swift */ = {isa = PBXFileReference; fileEncoding = 4; lastKnownFileType = sourcecode.swift; path = ProfileViewController.swift; sourceTree = "<group>"; };
		DE3AE4BCC15AA67C8518263F /* Pods_Login.framework */ = {isa = PBXFileReference; explicitFileType = wrapper.framework; includeInIndex = 0; path = Pods_Login.framework; sourceTree = BUILT_PRODUCTS_DIR; };
		EEAAF9767C02C5D6FD18CF73 /* Pods-Login.debug.xcconfig */ = {isa = PBXFileReference; includeInIndex = 1; lastKnownFileType = text.xcconfig; name = "Pods-Login.debug.xcconfig"; path = "Pods/Target Support Files/Pods-Login/Pods-Login.debug.xcconfig"; sourceTree = "<group>"; };
/* End PBXFileReference section */

/* Begin PBXFrameworksBuildPhase section */
		D523C3081DA5807300490E71 /* Frameworks */ = {
			isa = PBXFrameworksBuildPhase;
			buildActionMask = 2147483647;
			files = (
				6CAB172B2428740D07A3DB7C /* Pods_Login.framework in Frameworks */,
			);
			runOnlyForDeploymentPostprocessing = 0;
		};
/* End PBXFrameworksBuildPhase section */

/* Begin PBXGroup section */
		B2C185232ABD589F5A978A0A /* Pods */ = {
			isa = PBXGroup;
			children = (
				EEAAF9767C02C5D6FD18CF73 /* Pods-Login.debug.xcconfig */,
				17AA2B5ECF045427A2673B06 /* Pods-Login.release.xcconfig */,
			);
			name = Pods;
			sourceTree = "<group>";
		};
		D523C3021DA5807300490E71 = {
			isa = PBXGroup;
			children = (
				D523C30D1DA5807300490E71 /* Login */,
				D523C30C1DA5807300490E71 /* Products */,
				B2C185232ABD589F5A978A0A /* Pods */,
				FDC91438E70CC481142F7DDB /* Frameworks */,
			);
			sourceTree = "<group>";
		};
		D523C30C1DA5807300490E71 /* Products */ = {
			isa = PBXGroup;
			children = (
				D523C30B1DA5807300490E71 /* Login.app */,
			);
			name = Products;
			sourceTree = "<group>";
		};
		D523C30D1DA5807300490E71 /* Login */ = {
			isa = PBXGroup;
			children = (
				D523C30E1DA5807300490E71 /* AppDelegate.swift */,
				D523C3231DA5814C00490E71 /* Fire.swift */,
				D523C3241DA5814C00490E71 /* LoginViewController.swift */,
				D523C3251DA5814C00490E71 /* MasterNavigationController.swift */,
				D523C3261DA5814C00490E71 /* ProfileViewController.swift */,
				D523C3151DA5807300490E71 /* Assets.xcassets */,
				D523C3171DA5807300490E71 /* LaunchScreen.storyboard */,
				D523C3201DA580E600490E71 /* GoogleService-Info.plist */,
				D523C31A1DA5807300490E71 /* Info.plist */,
			);
			path = Login;
			sourceTree = "<group>";
		};
		FDC91438E70CC481142F7DDB /* Frameworks */ = {
			isa = PBXGroup;
			children = (
				DE3AE4BCC15AA67C8518263F /* Pods_Login.framework */,
			);
			name = Frameworks;
			sourceTree = "<group>";
		};
/* End PBXGroup section */

/* Begin PBXNativeTarget section */
		D523C30A1DA5807300490E71 /* Login */ = {
			isa = PBXNativeTarget;
			buildConfigurationList = D523C31D1DA5807300490E71 /* Build configuration list for PBXNativeTarget "Login" */;
			buildPhases = (
				F9B7291D694139980AC75FDE /* [CP] Check Pods Manifest.lock */,
				D523C3071DA5807300490E71 /* Sources */,
				D523C3081DA5807300490E71 /* Frameworks */,
				D523C3091DA5807300490E71 /* Resources */,
				41773AB43F1BAD61B5DBC3DC /* [CP] Embed Pods Frameworks */,
				5CA941367A70697A759D8936 /* [CP] Copy Pods Resources */,
			);
			buildRules = (
			);
			dependencies = (
			);
			name = Login;
			productName = Login;
			productReference = D523C30B1DA5807300490E71 /* Login.app */;
			productType = "com.apple.product-type.application";
		};
/* End PBXNativeTarget section */

/* Begin PBXProject section */
		D523C3031DA5807300490E71 /* Project object */ = {
			isa = PBXProject;
			attributes = {
				LastSwiftUpdateCheck = 0800;
				LastUpgradeCheck = 0830;
				ORGANIZATIONNAME = "Robby Kraft";
				TargetAttributes = {
					D523C30A1DA5807300490E71 = {
						CreatedOnToolsVersion = 8.0;
						ProvisioningStyle = Automatic;
					};
				};
			};
			buildConfigurationList = D523C3061DA5807300490E71 /* Build configuration list for PBXProject "Login" */;
			compatibilityVersion = "Xcode 3.2";
			developmentRegion = English;
			hasScannedForEncodings = 0;
			knownRegions = (
				en,
				Base,
			);
			mainGroup = D523C3021DA5807300490E71;
			productRefGroup = D523C30C1DA5807300490E71 /* Products */;
			projectDirPath = "";
			projectRoot = "";
			targets = (
				D523C30A1DA5807300490E71 /* Login */,
			);
		};
/* End PBXProject section */

/* Begin PBXResourcesBuildPhase section */
		D523C3091DA5807300490E71 /* Resources */ = {
			isa = PBXResourcesBuildPhase;
			buildActionMask = 2147483647;
			files = (
				D523C3191DA5807300490E71 /* LaunchScreen.storyboard in Resources */,
				D523C3211DA580E600490E71 /* GoogleService-Info.plist in Resources */,
				D523C3161DA5807300490E71 /* Assets.xcassets in Resources */,
			);
			runOnlyForDeploymentPostprocessing = 0;
		};
/* End PBXResourcesBuildPhase section */

/* Begin PBXShellScriptBuildPhase section */
		41773AB43F1BAD61B5DBC3DC /* [CP] Embed Pods Frameworks */ = {
			isa = PBXShellScriptBuildPhase;
			buildActionMask = 2147483647;
			files = (
			);
			inputPaths = (
			);
			name = "[CP] Embed Pods Frameworks";
			outputPaths = (
			);
			runOnlyForDeploymentPostprocessing = 0;
			shellPath = /bin/sh;
			shellScript = "\"${SRCROOT}/Pods/Target Support Files/Pods-Login/Pods-Login-frameworks.sh\"\n";
			showEnvVarsInLog = 0;
		};
		5CA941367A70697A759D8936 /* [CP] Copy Pods Resources */ = {
			isa = PBXShellScriptBuildPhase;
			buildActionMask = 2147483647;
			files = (
			);
			inputPaths = (
			);
			name = "[CP] Copy Pods Resources";
			outputPaths = (
			);
			runOnlyForDeploymentPostprocessing = 0;
			shellPath = /bin/sh;
			shellScript = "\"${SRCROOT}/Pods/Target Support Files/Pods-Login/Pods-Login-resources.sh\"\n";
			showEnvVarsInLog = 0;
		};
		F9B7291D694139980AC75FDE /* [CP] Check Pods Manifest.lock */ = {
			isa = PBXShellScriptBuildPhase;
			buildActionMask = 2147483647;
			files = (
			);
			inputPaths = (
			);
			name = "[CP] Check Pods Manifest.lock";
			outputPaths = (
			);
			runOnlyForDeploymentPostprocessing = 0;
			shellPath = /bin/sh;
			shellScript = "diff \"${PODS_ROOT}/../Podfile.lock\" \"${PODS_ROOT}/Manifest.lock\" > /dev/null\nif [ $? != 0 ] ; then\n    # print error to STDERR\n    echo \"error: The sandbox is not in sync with the Podfile.lock. Run 'pod install' or update your CocoaPods installation.\" >&2\n    exit 1\nfi\n";
			showEnvVarsInLog = 0;
		};
/* End PBXShellScriptBuildPhase section */

/* Begin PBXSourcesBuildPhase section */
		D523C3071DA5807300490E71 /* Sources */ = {
			isa = PBXSourcesBuildPhase;
			buildActionMask = 2147483647;
			files = (
				D523C32A1DA5814C00490E71 /* MasterNavigationController.swift in Sources */,
				D523C30F1DA5807300490E71 /* AppDelegate.swift in Sources */,
				D523C32B1DA5814C00490E71 /* ProfileViewController.swift in Sources */,
				D523C3291DA5814C00490E71 /* LoginViewController.swift in Sources */,
				D523C3281DA5814C00490E71 /* Fire.swift in Sources */,
			);
			runOnlyForDeploymentPostprocessing = 0;
		};
/* End PBXSourcesBuildPhase section */

/* Begin PBXVariantGroup section */
		D523C3171DA5807300490E71 /* LaunchScreen.storyboard */ = {
			isa = PBXVariantGroup;
			children = (
				D523C3181DA5807300490E71 /* Base */,
			);
			name = LaunchScreen.storyboard;
			sourceTree = "<group>";
		};
/* End PBXVariantGroup section */

/* Begin XCBuildConfiguration section */
		D523C31B1DA5807300490E71 /* Debug */ = {
			isa = XCBuildConfiguration;
			buildSettings = {
				ALWAYS_SEARCH_USER_PATHS = NO;
				CLANG_ANALYZER_NONNULL = YES;
				CLANG_CXX_LANGUAGE_STANDARD = "gnu++0x";
				CLANG_CXX_LIBRARY = "libc++";
				CLANG_ENABLE_MODULES = YES;
				CLANG_ENABLE_OBJC_ARC = YES;
				CLANG_WARN_BOOL_CONVERSION = YES;
				CLANG_WARN_CONSTANT_CONVERSION = YES;
				CLANG_WARN_DIRECT_OBJC_ISA_USAGE = YES_ERROR;
				CLANG_WARN_DOCUMENTATION_COMMENTS = YES;
				CLANG_WARN_EMPTY_BODY = YES;
				CLANG_WARN_ENUM_CONVERSION = YES;
				CLANG_WARN_INFINITE_RECURSION = YES;
				CLANG_WARN_INT_CONVERSION = YES;
				CLANG_WARN_OBJC_ROOT_CLASS = YES_ERROR;
				CLANG_WARN_SUSPICIOUS_MOVE = YES;
				CLANG_WARN_SUSPICIOUS_MOVES = YES;
				CLANG_WARN_UNREACHABLE_CODE = YES;
				CLANG_WARN__DUPLICATE_METHOD_MATCH = YES;
				"CODE_SIGN_IDENTITY[sdk=iphoneos*]" = "iPhone Developer";
				COPY_PHASE_STRIP = NO;
				DEBUG_INFORMATION_FORMAT = dwarf;
				ENABLE_STRICT_OBJC_MSGSEND = YES;
				ENABLE_TESTABILITY = YES;
				GCC_C_LANGUAGE_STANDARD = gnu99;
				GCC_DYNAMIC_NO_PIC = NO;
				GCC_NO_COMMON_BLOCKS = YES;
				GCC_OPTIMIZATION_LEVEL = 0;
				GCC_PREPROCESSOR_DEFINITIONS = (
					"DEBUG=1",
					"$(inherited)",
				);
				GCC_WARN_64_TO_32_BIT_CONVERSION = YES;
				GCC_WARN_ABOUT_RETURN_TYPE = YES_ERROR;
				GCC_WARN_UNDECLARED_SELECTOR = YES;
				GCC_WARN_UNINITIALIZED_AUTOS = YES_AGGRESSIVE;
				GCC_WARN_UNUSED_FUNCTION = YES;
				GCC_WARN_UNUSED_VARIABLE = YES;
				IPHONEOS_DEPLOYMENT_TARGET = 9.0;
				MTL_ENABLE_DEBUG_INFO = YES;
				ONLY_ACTIVE_ARCH = YES;
				SDKROOT = iphoneos;
				SWIFT_ACTIVE_COMPILATION_CONDITIONS = DEBUG;
				SWIFT_OPTIMIZATION_LEVEL = "-Onone";
				TARGETED_DEVICE_FAMILY = "1,2";
			};
			name = Debug;
		};
		D523C31C1DA5807300490E71 /* Release */ = {
			isa = XCBuildConfiguration;
			buildSettings = {
				ALWAYS_SEARCH_USER_PATHS = NO;
				CLANG_ANALYZER_NONNULL = YES;
				CLANG_CXX_LANGUAGE_STANDARD = "gnu++0x";
				CLANG_CXX_LIBRARY = "libc++";
				CLANG_ENABLE_MODULES = YES;
				CLANG_ENABLE_OBJC_ARC = YES;
				CLANG_WARN_BOOL_CONVERSION = YES;
				CLANG_WARN_CONSTANT_CONVERSION = YES;
				CLANG_WARN_DIRECT_OBJC_ISA_USAGE = YES_ERROR;
				CLANG_WARN_DOCUMENTATION_COMMENTS = YES;
				CLANG_WARN_EMPTY_BODY = YES;
				CLANG_WARN_ENUM_CONVERSION = YES;
				CLANG_WARN_INFINITE_RECURSION = YES;
				CLANG_WARN_INT_CONVERSION = YES;
				CLANG_WARN_OBJC_ROOT_CLASS = YES_ERROR;
				CLANG_WARN_SUSPICIOUS_MOVE = YES;
				CLANG_WARN_SUSPICIOUS_MOVES = YES;
				CLANG_WARN_UNREACHABLE_CODE = YES;
				CLANG_WARN__DUPLICATE_METHOD_MATCH = YES;
				"CODE_SIGN_IDENTITY[sdk=iphoneos*]" = "iPhone Developer";
				COPY_PHASE_STRIP = NO;
				DEBUG_INFORMATION_FORMAT = "dwarf-with-dsym";
				ENABLE_NS_ASSERTIONS = NO;
				ENABLE_STRICT_OBJC_MSGSEND = YES;
				GCC_C_LANGUAGE_STANDARD = gnu99;
				GCC_NO_COMMON_BLOCKS = YES;
				GCC_WARN_64_TO_32_BIT_CONVERSION = YES;
				GCC_WARN_ABOUT_RETURN_TYPE = YES_ERROR;
				GCC_WARN_UNDECLARED_SELECTOR = YES;
				GCC_WARN_UNINITIALIZED_AUTOS = YES_AGGRESSIVE;
				GCC_WARN_UNUSED_FUNCTION = YES;
				GCC_WARN_UNUSED_VARIABLE = YES;
				IPHONEOS_DEPLOYMENT_TARGET = 9.0;
				MTL_ENABLE_DEBUG_INFO = NO;
				SDKROOT = iphoneos;
				SWIFT_OPTIMIZATION_LEVEL = "-Owholemodule";
				TARGETED_DEVICE_FAMILY = "1,2";
				VALIDATE_PRODUCT = YES;
			};
			name = Release;
		};
		D523C31E1DA5807300490E71 /* Debug */ = {
			isa = XCBuildConfiguration;
			baseConfigurationReference = EEAAF9767C02C5D6FD18CF73 /* Pods-Login.debug.xcconfig */;
			buildSettings = {
				ASSETCATALOG_COMPILER_APPICON_NAME = AppIcon;
				INFOPLIST_FILE = Login/Info.plist;
				LD_RUNPATH_SEARCH_PATHS = "$(inherited) @executable_path/Frameworks";
				PRODUCT_BUNDLE_IDENTIFIER = com.robbykraft.Login;
				PRODUCT_NAME = "$(TARGET_NAME)";
				SWIFT_VERSION = 3.0;
			};
			name = Debug;
		};
		D523C31F1DA5807300490E71 /* Release */ = {
			isa = XCBuildConfiguration;
			baseConfigurationReference = 17AA2B5ECF045427A2673B06 /* Pods-Login.release.xcconfig */;
			buildSettings = {
				ASSETCATALOG_COMPILER_APPICON_NAME = AppIcon;
				INFOPLIST_FILE = Login/Info.plist;
				LD_RUNPATH_SEARCH_PATHS = "$(inherited) @executable_path/Frameworks";
				PRODUCT_BUNDLE_IDENTIFIER = com.robbykraft.Login;
				PRODUCT_NAME = "$(TARGET_NAME)";
				SWIFT_VERSION = 3.0;
			};
			name = Release;
		};
/* End XCBuildConfiguration section */

/* Begin XCConfigurationList section */
		D523C3061DA5807300490E71 /* Build configuration list for PBXProject "Login" */ = {
			isa = XCConfigurationList;
			buildConfigurations = (
				D523C31B1DA5807300490E71 /* Debug */,
				D523C31C1DA5807300490E71 /* Release */,
			);
			defaultConfigurationIsVisible = 0;
			defaultConfigurationName = Release;
		};
		D523C31D1DA5807300490E71 /* Build configuration list for PBXNativeTarget "Login" */ = {
			isa = XCConfigurationList;
			buildConfigurations = (
				D523C31E1DA5807300490E71 /* Debug */,
				D523C31F1DA5807300490E71 /* Release */,
			);
			defaultConfigurationIsVisible = 0;
			defaultConfigurationName = Release;
		};
/* End XCConfigurationList section */
	};
	rootObject = D523C3031DA5807300490E71 /* Project object */;
}
